
Microsoft Visual Studio Solution File, Format Version 11.00
# Visual Studio 2010
Project("{FAE04EC0-301F-11D3-BF4B-00C04F79EFBC}") = "UnityEngine.UI", "UnityEngine.UI.csproj", "{5ff44110-c242-906e-059a-e8a73a54186e}"
EndProject
Project("{FAE04EC0-301F-11D3-BF4B-00C04F79EFBC}") = "Assembly-CSharp", "Assembly-CSharp.csproj", "{4c66587f-f0ce-de6f-975a-9f2c8aa2e610}"
EndProject
Project("{FAE04EC0-301F-11D3-BF4B-00C04F79EFBC}") = "UnityEditor.UI", "UnityEditor.UI.csproj", "{729f866a-4094-8327-213f-98d9bc92ea2a}"
EndProject
Global
	GlobalSection(SolutionConfigurationPlatforms) = preSolution
		Debug|Any CPU = Debug|Any CPU
	EndGlobalSection
	GlobalSection(ProjectConfigurationPlatforms) = postSolution
		{5ff44110-c242-906e-059a-e8a73a54186e}.Debug|Any CPU.ActiveCfg = Debug|Any CPU
		{5ff44110-c242-906e-059a-e8a73a54186e}.Debug|Any CPU.Build.0 = Debug|Any CPU
		{4c66587f-f0ce-de6f-975a-9f2c8aa2e610}.Debug|Any CPU.ActiveCfg = Debug|Any CPU
		{4c66587f-f0ce-de6f-975a-9f2c8aa2e610}.Debug|Any CPU.Build.0 = Debug|Any CPU
		{729f866a-4094-8327-213f-98d9bc92ea2a}.Debug|Any CPU.ActiveCfg = Debug|Any CPU
		{729f866a-4094-8327-213f-98d9bc92ea2a}.Debug|Any CPU.Build.0 = Debug|Any CPU
	EndGlobalSection
	GlobalSection(SolutionProperties) = preSolution
		HideSolutionNode = FALSE
	EndGlobalSection
EndGlobal
